
Microsoft Visual Studio Solution File, Format Version 12.00
# Visual Studio Version 17
VisualStudioVersion = 17.11.35219.272
MinimumVisualStudioVersion = 10.0.40219.1
Project("{FAE04EC0-301F-11D3-BF4B-00C04F79EFBC}") = "PSport", "PSport.csproj", "{C51C1EA3-9109-4952-996D-B3681BE2B62C}"
EndProject
Global
	GlobalSection(SolutionConfigurationPlatforms) = preSolution
		Debug|Any CPU = Debug|Any CPU
		Release|Any CPU = Release|Any CPU
	EndGlobalSection
	GlobalSection(ProjectConfigurationPlatforms) = postSolution
		{C51C1EA3-9109-4952-996D-B3681BE2B62C}.Debug|Any CPU.ActiveCfg = Debug|Any CPU
		{C51C1EA3-9109-4952-996D-B3681BE2B62C}.Debug|Any CPU.Build.0 = Debug|Any CPU
		{C51C1EA3-9109-4952-996D-B3681BE2B62C}.Debug|Any CPU.Deploy.0 = Debug|Any CPU
		{C51C1EA3-9109-4952-996D-B3681BE2B62C}.Release|Any CPU.ActiveCfg = Release|Any CPU
		{C51C1EA3-9109-4952-996D-B3681BE2B62C}.Release|Any CPU.Build.0 = Release|Any CPU
		{C51C1EA3-9109-4952-996D-B3681BE2B62C}.Release|Any CPU.Deploy.0 = Release|Any CPU
	EndGlobalSection
	GlobalSection(SolutionProperties) = preSolution
		HideSolutionNode = FALSE
	EndGlobalSection
	GlobalSection(ExtensibilityGlobals) = postSolution
		SolutionGuid = {14C4C197-1152-4218-A21B-50D20D7362CB}
	EndGlobalSection
EndGlobal
